
Microsoft Visual Studio Solution File, Format Version 12.00
# Visual Studio Version 16
VisualStudioVersion = 16.0.29920.165
MinimumVisualStudioVersion = 10.0.40219.1
Project("{FAE04EC0-301F-11D3-BF4B-00C04F79EFBC}") = "RegaloOriginal", "RegaloOriginal\RegaloOriginal.csproj", "{37FDAD58-16B7-407B-9464-12EC40EAC995}"
EndProject
Global
	GlobalSection(SolutionConfigurationPlatforms) = preSolution
		Debug|Any CPU = Debug|Any CPU
		Release|Any CPU = Release|Any CPU
	EndGlobalSection
	GlobalSection(ProjectConfigurationPlatforms) = postSolution
		{37FDAD58-16B7-407B-9464-12EC40EAC995}.Debug|Any CPU.ActiveCfg = Debug|Any CPU
		{37FDAD58-16B7-407B-9464-12EC40EAC995}.Debug|Any CPU.Build.0 = Debug|Any CPU
		{37FDAD58-16B7-407B-9464-12EC40EAC995}.Release|Any CPU.ActiveCfg = Release|Any CPU
		{37FDAD58-16B7-407B-9464-12EC40EAC995}.Release|Any CPU.Build.0 = Release|Any CPU
	EndGlobalSection
	GlobalSection(SolutionProperties) = preSolution
		HideSolutionNode = FALSE
	EndGlobalSection
	GlobalSection(ExtensibilityGlobals) = postSolution
		SolutionGuid = {8469D396-5264-4D52-8783-CE15A049F492}
	EndGlobalSection
EndGlobal
